
Microsoft Visual Studio Solution File, Format Version 12.00
# Visual Studio Version 17
VisualStudioVersion = 17.7.34202.233
MinimumVisualStudioVersion = 10.0.40219.1
Project("{2150E333-8FDC-42A3-9474-1A3956D46DE8}") = "src", "src", "{B782C78B-6C17-49E6-A237-3383BA720766}"
EndProject
Project("{2150E333-8FDC-42A3-9474-1A3956D46DE8}") = "framework", "framework", "{77B949E9-530E-45A5-9657-20F7D5C6875C}"
EndProject
Project("{2150E333-8FDC-42A3-9474-1A3956D46DE8}") = "Solution Items", "Solution Items", "{6A5375C6-1D55-4E93-9B19-736F1C68CBC3}"
	ProjectSection(SolutionItems) = preProject
		common.props = common.props
		logo.png = logo.png
		usings.props = usings.props
		version.props = version.props
	EndProjectSection
EndProject
Project("{FAE04EC0-301F-11D3-BF4B-00C04F79EFBC}") = "Yi.Framework", "src\Yi.Framework\Yi.Framework.csproj", "{479EC735-FC8C-4E27-A666-D70AED231DD8}"
EndProject
Project("{FAE04EC0-301F-11D3-BF4B-00C04F79EFBC}") = "Yi.Web", "src\Yi.Web\Yi.Web.csproj", "{50E9998F-00AE-47CA-9BC6-CB65D7588031}"
EndProject
Project("{FAE04EC0-301F-11D3-BF4B-00C04F79EFBC}") = "Yi.Infra", "src\Yi.Infra\Yi.Infra.csproj", "{7C6883E0-21AF-4E19-AAA5-C23DB438457F}"
EndProject
Global
	GlobalSection(SolutionConfigurationPlatforms) = preSolution
		Debug|Any CPU = Debug|Any CPU
		Release|Any CPU = Release|Any CPU
	EndGlobalSection
	GlobalSection(ProjectConfigurationPlatforms) = postSolution
		{479EC735-FC8C-4E27-A666-D70AED231DD8}.Debug|Any CPU.ActiveCfg = Debug|Any CPU
		{479EC735-FC8C-4E27-A666-D70AED231DD8}.Debug|Any CPU.Build.0 = Debug|Any CPU
		{479EC735-FC8C-4E27-A666-D70AED231DD8}.Release|Any CPU.ActiveCfg = Release|Any CPU
		{479EC735-FC8C-4E27-A666-D70AED231DD8}.Release|Any CPU.Build.0 = Release|Any CPU
		{50E9998F-00AE-47CA-9BC6-CB65D7588031}.Debug|Any CPU.ActiveCfg = Debug|Any CPU
		{50E9998F-00AE-47CA-9BC6-CB65D7588031}.Debug|Any CPU.Build.0 = Debug|Any CPU
		{50E9998F-00AE-47CA-9BC6-CB65D7588031}.Release|Any CPU.ActiveCfg = Release|Any CPU
		{50E9998F-00AE-47CA-9BC6-CB65D7588031}.Release|Any CPU.Build.0 = Release|Any CPU
		{7C6883E0-21AF-4E19-AAA5-C23DB438457F}.Debug|Any CPU.ActiveCfg = Debug|Any CPU
		{7C6883E0-21AF-4E19-AAA5-C23DB438457F}.Debug|Any CPU.Build.0 = Debug|Any CPU
		{7C6883E0-21AF-4E19-AAA5-C23DB438457F}.Release|Any CPU.ActiveCfg = Release|Any CPU
		{7C6883E0-21AF-4E19-AAA5-C23DB438457F}.Release|Any CPU.Build.0 = Release|Any CPU
	EndGlobalSection
	GlobalSection(SolutionProperties) = preSolution
		HideSolutionNode = FALSE
	EndGlobalSection
	GlobalSection(NestedProjects) = preSolution
		{479EC735-FC8C-4E27-A666-D70AED231DD8} = {B782C78B-6C17-49E6-A237-3383BA720766}
		{50E9998F-00AE-47CA-9BC6-CB65D7588031} = {B782C78B-6C17-49E6-A237-3383BA720766}
		{7C6883E0-21AF-4E19-AAA5-C23DB438457F} = {B782C78B-6C17-49E6-A237-3383BA720766}
	EndGlobalSection
	GlobalSection(ExtensibilityGlobals) = postSolution
		SolutionGuid = {23D6FBC9-C970-4641-BC1E-2AEA59F51C18}
	EndGlobalSection
EndGlobal
