
Microsoft Visual Studio Solution File, Format Version 12.00
# Visual Studio Version 17
VisualStudioVersion = 17.7.34202.233
MinimumVisualStudioVersion = 10.0.40219.1
Project("{2150E333-8FDC-42A3-9474-1A3956D46DE8}") = "src", "src", "{B782C78B-6C17-49E6-A237-3383BA720766}"
EndProject
Project("{2150E333-8FDC-42A3-9474-1A3956D46DE8}") = "framework", "framework", "{77B949E9-530E-45A5-9657-20F7D5C6875C}"
EndProject
Project("{2150E333-8FDC-42A3-9474-1A3956D46DE8}") = "Solution Items", "Solution Items", "{6A5375C6-1D55-4E93-9B19-736F1C68CBC3}"
	ProjectSection(SolutionItems) = preProject
		common.props = common.props
		logo.png = logo.png
		usings.props = usings.props
		version.props = version.props
		.dockerignore = .dockerignore
		README.md = README.md
	EndProjectSection
EndProject
Project("{FAE04EC0-301F-11D3-BF4B-00C04F79EFBC}") = "Yi.Web", "src\Yi.Web\Yi.Web.csproj", "{50E9998F-00AE-47CA-9BC6-CB65D7588031}"
EndProject
Project("{FAE04EC0-301F-11D3-BF4B-00C04F79EFBC}") = "Yi.Framework", "framework\Yi.Framework\Yi.Framework.csproj", "{FF0E209D-BE72-42F7-938C-9F7939043575}"
EndProject
Project("{FAE04EC0-301F-11D3-BF4B-00C04F79EFBC}") = "Yi.Infra", "framework\Yi.Infra\Yi.Infra.csproj", "{36FB019E-16D6-411C-B42D-C9A8C8E5B644}"
EndProject
Global
	GlobalSection(SolutionConfigurationPlatforms) = preSolution
		Debug|Any CPU = Debug|Any CPU
		Release|Any CPU = Release|Any CPU
	EndGlobalSection
	GlobalSection(ProjectConfigurationPlatforms) = postSolution
		{50E9998F-00AE-47CA-9BC6-CB65D7588031}.Debug|Any CPU.ActiveCfg = Debug|Any CPU
		{50E9998F-00AE-47CA-9BC6-CB65D7588031}.Debug|Any CPU.Build.0 = Debug|Any CPU
		{50E9998F-00AE-47CA-9BC6-CB65D7588031}.Release|Any CPU.ActiveCfg = Release|Any CPU
		{50E9998F-00AE-47CA-9BC6-CB65D7588031}.Release|Any CPU.Build.0 = Release|Any CPU
		{FF0E209D-BE72-42F7-938C-9F7939043575}.Debug|Any CPU.ActiveCfg = Debug|Any CPU
		{FF0E209D-BE72-42F7-938C-9F7939043575}.Debug|Any CPU.Build.0 = Debug|Any CPU
		{FF0E209D-BE72-42F7-938C-9F7939043575}.Release|Any CPU.ActiveCfg = Release|Any CPU
		{FF0E209D-BE72-42F7-938C-9F7939043575}.Release|Any CPU.Build.0 = Release|Any CPU
		{36FB019E-16D6-411C-B42D-C9A8C8E5B644}.Debug|Any CPU.ActiveCfg = Debug|Any CPU
		{36FB019E-16D6-411C-B42D-C9A8C8E5B644}.Debug|Any CPU.Build.0 = Debug|Any CPU
		{36FB019E-16D6-411C-B42D-C9A8C8E5B644}.Release|Any CPU.ActiveCfg = Release|Any CPU
		{36FB019E-16D6-411C-B42D-C9A8C8E5B644}.Release|Any CPU.Build.0 = Release|Any CPU
	EndGlobalSection
	GlobalSection(SolutionProperties) = preSolution
		HideSolutionNode = FALSE
	EndGlobalSection
	GlobalSection(NestedProjects) = preSolution
		{50E9998F-00AE-47CA-9BC6-CB65D7588031} = {B782C78B-6C17-49E6-A237-3383BA720766}
		{FF0E209D-BE72-42F7-938C-9F7939043575} = {77B949E9-530E-45A5-9657-20F7D5C6875C}
		{36FB019E-16D6-411C-B42D-C9A8C8E5B644} = {77B949E9-530E-45A5-9657-20F7D5C6875C}
	EndGlobalSection
	GlobalSection(ExtensibilityGlobals) = postSolution
		SolutionGuid = {23D6FBC9-C970-4641-BC1E-2AEA59F51C18}
	EndGlobalSection
EndGlobal
