
Microsoft Visual Studio Solution File, Format Version 12.00
# Visual Studio Version 17
VisualStudioVersion = 17.0.31919.166
MinimumVisualStudioVersion = 10.0.40219.1
Project("{2150E333-8FDC-42A3-9474-1A3956D46DE8}") = "utils", "utils", "{877F0037-93FF-4E52-B59A-12819A2DEDCE}"
EndProject
Project("{FAE04EC0-301F-11D3-BF4B-00C04F79EFBC}") = "CheckCore", "utils\CheckCore\CheckCore.csproj", "{028CA1C5-D924-4106-B5BA-A900B1DDB961}"
EndProject
Project("{2150E333-8FDC-42A3-9474-1A3956D46DE8}") = "templates", "templates", "{B5C84E9D-5AC5-4125-8344-296E9BB151D2}"
EndProject
Project("{FAE04EC0-301F-11D3-BF4B-00C04F79EFBC}") = "OptionsBuilder", "templates\OptionsBuilder\OptionsBuilder.csproj", "{C7A589AD-7DBA-43E0-9149-08F756BE940B}"
EndProject
Project("{FAE04EC0-301F-11D3-BF4B-00C04F79EFBC}") = "Framework3", "templates\Framework3\Framework3.csproj", "{7420C4E7-61D7-4549-9859-0F5621A09368}"
EndProject
Project("{FAE04EC0-301F-11D3-BF4B-00C04F79EFBC}") = "Framework6", "templates\Framework6\Framework6.csproj", "{9E6C3A53-4CB6-49FA-AE3A-F30DC3E46A8D}"
EndProject
Project("{FAE04EC0-301F-11D3-BF4B-00C04F79EFBC}") = "Framework8", "templates\Framework8\Framework8.csproj", "{AF60ACA9-932D-4A34-ACA1-04A244B2C723}"
EndProject
Project("{FAE04EC0-301F-11D3-BF4B-00C04F79EFBC}") = "Framework9", "templates\Framework9\Framework9.csproj", "{9150A74E-9E14-442C-99CA-6DCB9B16CF41}"
EndProject
Project("{FAE04EC0-301F-11D3-BF4B-00C04F79EFBC}") = "MinioStorage", "utils\MinioStorage\MinioStorage.csproj", "{5B73C4A1-E0EC-405C-A115-C19376AD177B}"
EndProject
Project("{2150E333-8FDC-42A3-9474-1A3956D46DE8}") = "samples", "samples", "{D8F0B07B-1D86-4D52-9471-AAF2761CB610}"
EndProject
Project("{FAE04EC0-301F-11D3-BF4B-00C04F79EFBC}") = "Grammar", "samples\Grammar\Grammar.csproj", "{AE3AF9EB-CC6D-458B-A849-8EB330B3BC3D}"
EndProject
Project("{FAE04EC0-301F-11D3-BF4B-00C04F79EFBC}") = "OnlineEditorsServer", "utils\OnlineEditorsServer\OnlineEditorsServer.csproj", "{5B0FC890-34E7-443D-9ECE-71C4D97BA41E}"
EndProject
Project("{FAE04EC0-301F-11D3-BF4B-00C04F79EFBC}") = "Nacos.Extensions.DiscoveryHandler", "utils\Nacos.Extensions.DiscoveryHandler\Nacos.Extensions.DiscoveryHandler.csproj", "{38F36364-D237-4754-B6ED-BBFB89413257}"
EndProject
Project("{FAE04EC0-301F-11D3-BF4B-00C04F79EFBC}") = "RefitDiscovery", "samples\Refit\RefitDiscovery.csproj", "{4558B817-D799-4822-AC71-71CD010D2112}"
EndProject
Project("{FAE04EC0-301F-11D3-BF4B-00C04F79EFBC}") = "AbpConsole", "templates\AbpConsole\AbpConsole.csproj", "{8F773252-9051-41D7-A520-69AB2242AE12}"
EndProject
Project("{FAE04EC0-301F-11D3-BF4B-00C04F79EFBC}") = "AbpWeb", "templates\AbpWeb\AbpWeb.csproj", "{8AE92F1E-D0E6-491B-B77A-D2709C36272F}"
EndProject
Global
	GlobalSection(SolutionConfigurationPlatforms) = preSolution
		Debug|Any CPU = Debug|Any CPU
		Release|Any CPU = Release|Any CPU
	EndGlobalSection
	GlobalSection(ProjectConfigurationPlatforms) = postSolution
		{028CA1C5-D924-4106-B5BA-A900B1DDB961}.Debug|Any CPU.ActiveCfg = Debug|Any CPU
		{028CA1C5-D924-4106-B5BA-A900B1DDB961}.Debug|Any CPU.Build.0 = Debug|Any CPU
		{028CA1C5-D924-4106-B5BA-A900B1DDB961}.Release|Any CPU.ActiveCfg = Release|Any CPU
		{028CA1C5-D924-4106-B5BA-A900B1DDB961}.Release|Any CPU.Build.0 = Release|Any CPU
		{C7A589AD-7DBA-43E0-9149-08F756BE940B}.Debug|Any CPU.ActiveCfg = Debug|Any CPU
		{C7A589AD-7DBA-43E0-9149-08F756BE940B}.Debug|Any CPU.Build.0 = Debug|Any CPU
		{C7A589AD-7DBA-43E0-9149-08F756BE940B}.Release|Any CPU.ActiveCfg = Release|Any CPU
		{C7A589AD-7DBA-43E0-9149-08F756BE940B}.Release|Any CPU.Build.0 = Release|Any CPU
		{7420C4E7-61D7-4549-9859-0F5621A09368}.Debug|Any CPU.ActiveCfg = Debug|Any CPU
		{7420C4E7-61D7-4549-9859-0F5621A09368}.Debug|Any CPU.Build.0 = Debug|Any CPU
		{7420C4E7-61D7-4549-9859-0F5621A09368}.Release|Any CPU.ActiveCfg = Release|Any CPU
		{7420C4E7-61D7-4549-9859-0F5621A09368}.Release|Any CPU.Build.0 = Release|Any CPU
		{9E6C3A53-4CB6-49FA-AE3A-F30DC3E46A8D}.Debug|Any CPU.ActiveCfg = Debug|Any CPU
		{9E6C3A53-4CB6-49FA-AE3A-F30DC3E46A8D}.Debug|Any CPU.Build.0 = Debug|Any CPU
		{9E6C3A53-4CB6-49FA-AE3A-F30DC3E46A8D}.Release|Any CPU.ActiveCfg = Release|Any CPU
		{9E6C3A53-4CB6-49FA-AE3A-F30DC3E46A8D}.Release|Any CPU.Build.0 = Release|Any CPU
		{AF60ACA9-932D-4A34-ACA1-04A244B2C723}.Debug|Any CPU.ActiveCfg = Debug|Any CPU
		{AF60ACA9-932D-4A34-ACA1-04A244B2C723}.Debug|Any CPU.Build.0 = Debug|Any CPU
		{AF60ACA9-932D-4A34-ACA1-04A244B2C723}.Release|Any CPU.ActiveCfg = Release|Any CPU
		{AF60ACA9-932D-4A34-ACA1-04A244B2C723}.Release|Any CPU.Build.0 = Release|Any CPU
		{9150A74E-9E14-442C-99CA-6DCB9B16CF41}.Debug|Any CPU.ActiveCfg = Debug|Any CPU
		{9150A74E-9E14-442C-99CA-6DCB9B16CF41}.Debug|Any CPU.Build.0 = Debug|Any CPU
		{9150A74E-9E14-442C-99CA-6DCB9B16CF41}.Release|Any CPU.ActiveCfg = Release|Any CPU
		{9150A74E-9E14-442C-99CA-6DCB9B16CF41}.Release|Any CPU.Build.0 = Release|Any CPU
		{5B73C4A1-E0EC-405C-A115-C19376AD177B}.Debug|Any CPU.ActiveCfg = Debug|Any CPU
		{5B73C4A1-E0EC-405C-A115-C19376AD177B}.Debug|Any CPU.Build.0 = Debug|Any CPU
		{5B73C4A1-E0EC-405C-A115-C19376AD177B}.Release|Any CPU.ActiveCfg = Release|Any CPU
		{5B73C4A1-E0EC-405C-A115-C19376AD177B}.Release|Any CPU.Build.0 = Release|Any CPU
		{AE3AF9EB-CC6D-458B-A849-8EB330B3BC3D}.Debug|Any CPU.ActiveCfg = Debug|Any CPU
		{AE3AF9EB-CC6D-458B-A849-8EB330B3BC3D}.Debug|Any CPU.Build.0 = Debug|Any CPU
		{AE3AF9EB-CC6D-458B-A849-8EB330B3BC3D}.Release|Any CPU.ActiveCfg = Release|Any CPU
		{AE3AF9EB-CC6D-458B-A849-8EB330B3BC3D}.Release|Any CPU.Build.0 = Release|Any CPU
		{5B0FC890-34E7-443D-9ECE-71C4D97BA41E}.Debug|Any CPU.ActiveCfg = Debug|Any CPU
		{5B0FC890-34E7-443D-9ECE-71C4D97BA41E}.Debug|Any CPU.Build.0 = Debug|Any CPU
		{5B0FC890-34E7-443D-9ECE-71C4D97BA41E}.Release|Any CPU.ActiveCfg = Release|Any CPU
		{5B0FC890-34E7-443D-9ECE-71C4D97BA41E}.Release|Any CPU.Build.0 = Release|Any CPU
		{38F36364-D237-4754-B6ED-BBFB89413257}.Debug|Any CPU.ActiveCfg = Debug|Any CPU
		{38F36364-D237-4754-B6ED-BBFB89413257}.Debug|Any CPU.Build.0 = Debug|Any CPU
		{38F36364-D237-4754-B6ED-BBFB89413257}.Release|Any CPU.ActiveCfg = Release|Any CPU
		{38F36364-D237-4754-B6ED-BBFB89413257}.Release|Any CPU.Build.0 = Release|Any CPU
		{4558B817-D799-4822-AC71-71CD010D2112}.Debug|Any CPU.ActiveCfg = Debug|Any CPU
		{4558B817-D799-4822-AC71-71CD010D2112}.Debug|Any CPU.Build.0 = Debug|Any CPU
		{4558B817-D799-4822-AC71-71CD010D2112}.Release|Any CPU.ActiveCfg = Release|Any CPU
		{4558B817-D799-4822-AC71-71CD010D2112}.Release|Any CPU.Build.0 = Release|Any CPU
		{8F773252-9051-41D7-A520-69AB2242AE12}.Debug|Any CPU.ActiveCfg = Debug|Any CPU
		{8F773252-9051-41D7-A520-69AB2242AE12}.Debug|Any CPU.Build.0 = Debug|Any CPU
		{8F773252-9051-41D7-A520-69AB2242AE12}.Release|Any CPU.ActiveCfg = Release|Any CPU
		{8F773252-9051-41D7-A520-69AB2242AE12}.Release|Any CPU.Build.0 = Release|Any CPU
		{8AE92F1E-D0E6-491B-B77A-D2709C36272F}.Debug|Any CPU.ActiveCfg = Debug|Any CPU
		{8AE92F1E-D0E6-491B-B77A-D2709C36272F}.Debug|Any CPU.Build.0 = Debug|Any CPU
		{8AE92F1E-D0E6-491B-B77A-D2709C36272F}.Release|Any CPU.ActiveCfg = Release|Any CPU
		{8AE92F1E-D0E6-491B-B77A-D2709C36272F}.Release|Any CPU.Build.0 = Release|Any CPU
	EndGlobalSection
	GlobalSection(SolutionProperties) = preSolution
		HideSolutionNode = FALSE
	EndGlobalSection
	GlobalSection(NestedProjects) = preSolution
		{028CA1C5-D924-4106-B5BA-A900B1DDB961} = {877F0037-93FF-4E52-B59A-12819A2DEDCE}
		{C7A589AD-7DBA-43E0-9149-08F756BE940B} = {B5C84E9D-5AC5-4125-8344-296E9BB151D2}
		{7420C4E7-61D7-4549-9859-0F5621A09368} = {B5C84E9D-5AC5-4125-8344-296E9BB151D2}
		{9E6C3A53-4CB6-49FA-AE3A-F30DC3E46A8D} = {B5C84E9D-5AC5-4125-8344-296E9BB151D2}
		{AF60ACA9-932D-4A34-ACA1-04A244B2C723} = {B5C84E9D-5AC5-4125-8344-296E9BB151D2}
		{9150A74E-9E14-442C-99CA-6DCB9B16CF41} = {B5C84E9D-5AC5-4125-8344-296E9BB151D2}
		{5B73C4A1-E0EC-405C-A115-C19376AD177B} = {877F0037-93FF-4E52-B59A-12819A2DEDCE}
		{AE3AF9EB-CC6D-458B-A849-8EB330B3BC3D} = {D8F0B07B-1D86-4D52-9471-AAF2761CB610}
		{5B0FC890-34E7-443D-9ECE-71C4D97BA41E} = {877F0037-93FF-4E52-B59A-12819A2DEDCE}
		{38F36364-D237-4754-B6ED-BBFB89413257} = {877F0037-93FF-4E52-B59A-12819A2DEDCE}
		{4558B817-D799-4822-AC71-71CD010D2112} = {D8F0B07B-1D86-4D52-9471-AAF2761CB610}
		{8F773252-9051-41D7-A520-69AB2242AE12} = {B5C84E9D-5AC5-4125-8344-296E9BB151D2}
		{8AE92F1E-D0E6-491B-B77A-D2709C36272F} = {B5C84E9D-5AC5-4125-8344-296E9BB151D2}
	EndGlobalSection
	GlobalSection(ExtensibilityGlobals) = postSolution
		SolutionGuid = {95A0A211-6F5A-45ED-8389-98B4E03AC030}
	EndGlobalSection
EndGlobal
