
Microsoft Visual Studio Solution File, Format Version 12.00
# Visual Studio Version 17
VisualStudioVersion = 17.0.31919.166
MinimumVisualStudioVersion = 10.0.40219.1
Project("{2150E333-8FDC-42A3-9474-1A3956D46DE8}") = "utils", "utils", "{877F0037-93FF-4E52-B59A-12819A2DEDCE}"
EndProject
Project("{FAE04EC0-301F-11D3-BF4B-00C04F79EFBC}") = "CheckCore", "utils\CheckCore\CheckCore.csproj", "{028CA1C5-D924-4106-B5BA-A900B1DDB961}"
EndProject
Project("{2150E333-8FDC-42A3-9474-1A3956D46DE8}") = "templates", "templates", "{B5C84E9D-5AC5-4125-8344-296E9BB151D2}"
EndProject
Project("{FAE04EC0-301F-11D3-BF4B-00C04F79EFBC}") = "OptionsBuilder", "templates\OptionsBuilder\OptionsBuilder.csproj", "{C7A589AD-7DBA-43E0-9149-08F756BE940B}"
EndProject
Project("{FAE04EC0-301F-11D3-BF4B-00C04F79EFBC}") = "Framework3", "templates\Framework3\Framework3.csproj", "{7420C4E7-61D7-4549-9859-0F5621A09368}"
EndProject
Project("{FAE04EC0-301F-11D3-BF4B-00C04F79EFBC}") = "Framework6", "templates\Framework6\Framework6.csproj", "{9E6C3A53-4CB6-49FA-AE3A-F30DC3E46A8D}"
EndProject
Project("{FAE04EC0-301F-11D3-BF4B-00C04F79EFBC}") = "Framework8", "templates\Framework8\Framework8.csproj", "{AF60ACA9-932D-4A34-ACA1-04A244B2C723}"
EndProject
Project("{FAE04EC0-301F-11D3-BF4B-00C04F79EFBC}") = "Framework9", "templates\Framework9\Framework9.csproj", "{9150A74E-9E14-442C-99CA-6DCB9B16CF41}"
EndProject
Global
	GlobalSection(SolutionConfigurationPlatforms) = preSolution
		Debug|Any CPU = Debug|Any CPU
		Release|Any CPU = Release|Any CPU
	EndGlobalSection
	GlobalSection(ProjectConfigurationPlatforms) = postSolution
		{028CA1C5-D924-4106-B5BA-A900B1DDB961}.Debug|Any CPU.ActiveCfg = Debug|Any CPU
		{028CA1C5-D924-4106-B5BA-A900B1DDB961}.Debug|Any CPU.Build.0 = Debug|Any CPU
		{028CA1C5-D924-4106-B5BA-A900B1DDB961}.Release|Any CPU.ActiveCfg = Release|Any CPU
		{028CA1C5-D924-4106-B5BA-A900B1DDB961}.Release|Any CPU.Build.0 = Release|Any CPU
		{C7A589AD-7DBA-43E0-9149-08F756BE940B}.Debug|Any CPU.ActiveCfg = Debug|Any CPU
		{C7A589AD-7DBA-43E0-9149-08F756BE940B}.Debug|Any CPU.Build.0 = Debug|Any CPU
		{C7A589AD-7DBA-43E0-9149-08F756BE940B}.Release|Any CPU.ActiveCfg = Release|Any CPU
		{C7A589AD-7DBA-43E0-9149-08F756BE940B}.Release|Any CPU.Build.0 = Release|Any CPU
		{7420C4E7-61D7-4549-9859-0F5621A09368}.Debug|Any CPU.ActiveCfg = Debug|Any CPU
		{7420C4E7-61D7-4549-9859-0F5621A09368}.Debug|Any CPU.Build.0 = Debug|Any CPU
		{7420C4E7-61D7-4549-9859-0F5621A09368}.Release|Any CPU.ActiveCfg = Release|Any CPU
		{7420C4E7-61D7-4549-9859-0F5621A09368}.Release|Any CPU.Build.0 = Release|Any CPU
		{9E6C3A53-4CB6-49FA-AE3A-F30DC3E46A8D}.Debug|Any CPU.ActiveCfg = Debug|Any CPU
		{9E6C3A53-4CB6-49FA-AE3A-F30DC3E46A8D}.Debug|Any CPU.Build.0 = Debug|Any CPU
		{9E6C3A53-4CB6-49FA-AE3A-F30DC3E46A8D}.Release|Any CPU.ActiveCfg = Release|Any CPU
		{9E6C3A53-4CB6-49FA-AE3A-F30DC3E46A8D}.Release|Any CPU.Build.0 = Release|Any CPU
		{AF60ACA9-932D-4A34-ACA1-04A244B2C723}.Debug|Any CPU.ActiveCfg = Debug|Any CPU
		{AF60ACA9-932D-4A34-ACA1-04A244B2C723}.Debug|Any CPU.Build.0 = Debug|Any CPU
		{AF60ACA9-932D-4A34-ACA1-04A244B2C723}.Release|Any CPU.ActiveCfg = Release|Any CPU
		{AF60ACA9-932D-4A34-ACA1-04A244B2C723}.Release|Any CPU.Build.0 = Release|Any CPU
		{9150A74E-9E14-442C-99CA-6DCB9B16CF41}.Debug|Any CPU.ActiveCfg = Debug|Any CPU
		{9150A74E-9E14-442C-99CA-6DCB9B16CF41}.Debug|Any CPU.Build.0 = Debug|Any CPU
		{9150A74E-9E14-442C-99CA-6DCB9B16CF41}.Release|Any CPU.ActiveCfg = Release|Any CPU
		{9150A74E-9E14-442C-99CA-6DCB9B16CF41}.Release|Any CPU.Build.0 = Release|Any CPU
	EndGlobalSection
	GlobalSection(SolutionProperties) = preSolution
		HideSolutionNode = FALSE
	EndGlobalSection
	GlobalSection(NestedProjects) = preSolution
		{028CA1C5-D924-4106-B5BA-A900B1DDB961} = {877F0037-93FF-4E52-B59A-12819A2DEDCE}
		{C7A589AD-7DBA-43E0-9149-08F756BE940B} = {B5C84E9D-5AC5-4125-8344-296E9BB151D2}
		{7420C4E7-61D7-4549-9859-0F5621A09368} = {B5C84E9D-5AC5-4125-8344-296E9BB151D2}
		{9E6C3A53-4CB6-49FA-AE3A-F30DC3E46A8D} = {B5C84E9D-5AC5-4125-8344-296E9BB151D2}
		{AF60ACA9-932D-4A34-ACA1-04A244B2C723} = {B5C84E9D-5AC5-4125-8344-296E9BB151D2}
		{9150A74E-9E14-442C-99CA-6DCB9B16CF41} = {B5C84E9D-5AC5-4125-8344-296E9BB151D2}
	EndGlobalSection
	GlobalSection(ExtensibilityGlobals) = postSolution
		SolutionGuid = {95A0A211-6F5A-45ED-8389-98B4E03AC030}
	EndGlobalSection
EndGlobal
