
Microsoft Visual Studio Solution File, Format Version 12.00
# Visual Studio Version 17
VisualStudioVersion = 17.12.35707.178
MinimumVisualStudioVersion = 10.0.40219.1
Project("{2150E333-8FDC-42A3-9474-1A3956D46DE8}") = "samples", "samples", "{2C7B7BC6-DC84-465C-81D1-DBDFA468E8C9}"
EndProject
Project("{2150E333-8FDC-42A3-9474-1A3956D46DE8}") = "templates", "templates", "{1B3C4C18-7D55-464C-9EBE-795C0F5E948F}"
EndProject
Project("{2150E333-8FDC-42A3-9474-1A3956D46DE8}") = "utils", "utils", "{6C22E860-45BA-4A58-8E1A-5A0A70E51098}"
EndProject
Project("{FAE04EC0-301F-11D3-BF4B-00C04F79EFBC}") = "CheckCore", "utils\CheckCore\CheckCore.csproj", "{1B3B6CB7-7B80-4CF0-9F9B-71C2DC56C012}"
EndProject
Project("{FAE04EC0-301F-11D3-BF4B-00C04F79EFBC}") = "Helpers", "utils\Helpers\Helpers.csproj", "{56819B21-966D-4C45-A241-080D97C189F1}"
EndProject
Project("{FAE04EC0-301F-11D3-BF4B-00C04F79EFBC}") = "MinioStorage", "utils\MinioStorage\MinioStorage.csproj", "{7DC48EE2-7A72-4EAE-8066-5C6892AE0848}"
EndProject
Project("{FAE04EC0-301F-11D3-BF4B-00C04F79EFBC}") = "Nacos.Extensions.DiscoveryHandler", "utils\Nacos.Extensions.DiscoveryHandler\Nacos.Extensions.DiscoveryHandler.csproj", "{421867D2-60CE-4034-B5B5-326C02CFA3B7}"
EndProject
Project("{FAE04EC0-301F-11D3-BF4B-00C04F79EFBC}") = "OnlineEditorsServer", "utils\OnlineEditorsServer\OnlineEditorsServer.csproj", "{1AB39669-7CA8-49B5-818B-F680D021468D}"
EndProject
Project("{FAE04EC0-301F-11D3-BF4B-00C04F79EFBC}") = "AbpConsole", "templates\AbpConsole\AbpConsole.csproj", "{89537A48-DE37-4CD3-A4DC-268F0A6A988B}"
EndProject
Project("{FAE04EC0-301F-11D3-BF4B-00C04F79EFBC}") = "AbpWeb", "templates\AbpWeb\AbpWeb.csproj", "{5D32841C-5D8D-41CE-A087-F28D29AC1D8A}"
EndProject
Project("{FAE04EC0-301F-11D3-BF4B-00C04F79EFBC}") = "Framework3", "templates\Framework3\Framework3.csproj", "{9F520704-F6CC-4D4F-8DDC-4E7D7ACB7C60}"
EndProject
Project("{FAE04EC0-301F-11D3-BF4B-00C04F79EFBC}") = "Framework6", "templates\Framework6\Framework6.csproj", "{4F711BB1-CAFC-409C-AECD-2CC28DB8E401}"
EndProject
Project("{FAE04EC0-301F-11D3-BF4B-00C04F79EFBC}") = "Framework8", "templates\Framework8\Framework8.csproj", "{65449626-C00B-428C-B828-6C94EDF93389}"
EndProject
Project("{FAE04EC0-301F-11D3-BF4B-00C04F79EFBC}") = "Framework9", "templates\Framework9\Framework9.csproj", "{936CD5FB-116D-4E80-9180-B7547F16FAAC}"
EndProject
Project("{FAE04EC0-301F-11D3-BF4B-00C04F79EFBC}") = "OptionsBuilder", "templates\OptionsBuilder\OptionsBuilder.csproj", "{F8565FCE-CE96-4BE7-A576-1CB6E6E13FE1}"
EndProject
Project("{FAE04EC0-301F-11D3-BF4B-00C04F79EFBC}") = "JsonLocalizationExtensions", "samples\AspNetCoreLocalization\JsonLocalization\JsonLocalizationExtensions.csproj", "{DCD2A974-5131-4FD0-9ED2-F08380A4C32D}"
EndProject
Project("{FAE04EC0-301F-11D3-BF4B-00C04F79EFBC}") = "LocalizationSample", "samples\AspNetCoreLocalization\LocalizationSample\LocalizationSample.csproj", "{71446760-9F8D-4B17-A781-26C9454C804C}"
EndProject
Project("{FAE04EC0-301F-11D3-BF4B-00C04F79EFBC}") = "CastleDynamicProxy", "samples\CastleDynamicProxy\CastleDynamicProxy.csproj", "{A6C26D02-2A31-4D2E-853B-1FC8A190249C}"
EndProject
Project("{FAE04EC0-301F-11D3-BF4B-00C04F79EFBC}") = "Grammar", "samples\Grammar\Grammar.csproj", "{859310D8-2308-4DD7-BDAE-CF825C61ED9F}"
EndProject
Project("{FAE04EC0-301F-11D3-BF4B-00C04F79EFBC}") = "i18n", "samples\i18n\i18n.csproj", "{AAF07775-8DF9-4A05-8389-ED2FC43E13BE}"
EndProject
Project("{FAE04EC0-301F-11D3-BF4B-00C04F79EFBC}") = "NacosConfiguration", "samples\NacosConfiguration\NacosConfiguration.csproj", "{F1FD20DB-641A-406B-9A15-FFC87E5B35EE}"
EndProject
Project("{FAE04EC0-301F-11D3-BF4B-00C04F79EFBC}") = "NacosDiscovery", "samples\NacosDiscovery\NacosDiscovery.csproj", "{76AB9757-5FFC-458F-B7B6-84AC61691D71}"
EndProject
Project("{FAE04EC0-301F-11D3-BF4B-00C04F79EFBC}") = "ObjectMapping", "samples\ObjectMapping\ObjectMapping.csproj", "{3CC8A8EA-15D7-4A9D-A3E2-E723A1C029C6}"
EndProject
Project("{FAE04EC0-301F-11D3-BF4B-00C04F79EFBC}") = "Observability", "samples\Observability\Observability.csproj", "{304AB9C0-F895-4288-ABAD-6572E016BBD1}"
EndProject
Project("{FAE04EC0-301F-11D3-BF4B-00C04F79EFBC}") = "RefitDiscovery", "samples\Refit\RefitDiscovery.csproj", "{8C9A900E-045C-4D0B-87E1-B9E705FD573F}"
EndProject
Project("{FAE04EC0-301F-11D3-BF4B-00C04F79EFBC}") = "SqlSugars", "samples\SqlSugars\SqlSugars.csproj", "{E39D1F8E-DCB9-48F3-B6B2-1A4B0336AAD6}"
EndProject
Project("{FAE04EC0-301F-11D3-BF4B-00C04F79EFBC}") = "StateMachineOfStateless", "samples\StateMachineOfStateless\StateMachineOfStateless.csproj", "{5FC512D7-E4A7-4F35-9ADD-6FF19048802C}"
EndProject
Project("{2150E333-8FDC-42A3-9474-1A3956D46DE8}") = "refactor", "refactor", "{786A5FD3-D985-40ED-85D4-9327508AA8E0}"
EndProject
Project("{FAE04EC0-301F-11D3-BF4B-00C04F79EFBC}") = "I18n.LocalizationExtensions", "refactor\I18n.LocalizationExtensions\I18n.LocalizationExtensions.csproj", "{E4BEB2D1-AD95-4924-8270-8AB6789C386D}"
EndProject
Project("{FAE04EC0-301F-11D3-BF4B-00C04F79EFBC}") = "I18n.LocalizationExtensions.Tests", "refactor\I18n.LocalizationExtensions.Tests\I18n.LocalizationExtensions.Tests.csproj", "{C4FC4948-7A0D-437F-B391-7A06507E5B7D}"
EndProject
Project("{FAE04EC0-301F-11D3-BF4B-00C04F79EFBC}") = "I18n.LocalizationExtensions.Samples", "refactor\I18n.LocalizationExtensions.Samples\I18n.LocalizationExtensions.Samples.csproj", "{BACA9DB0-85BC-4317-BD51-D88E56A910C4}"
EndProject
Global
	GlobalSection(SolutionConfigurationPlatforms) = preSolution
		Debug|Any CPU = Debug|Any CPU
		Release|Any CPU = Release|Any CPU
	EndGlobalSection
	GlobalSection(ProjectConfigurationPlatforms) = postSolution
		{1B3B6CB7-7B80-4CF0-9F9B-71C2DC56C012}.Debug|Any CPU.ActiveCfg = Debug|Any CPU
		{1B3B6CB7-7B80-4CF0-9F9B-71C2DC56C012}.Debug|Any CPU.Build.0 = Debug|Any CPU
		{1B3B6CB7-7B80-4CF0-9F9B-71C2DC56C012}.Release|Any CPU.ActiveCfg = Release|Any CPU
		{1B3B6CB7-7B80-4CF0-9F9B-71C2DC56C012}.Release|Any CPU.Build.0 = Release|Any CPU
		{56819B21-966D-4C45-A241-080D97C189F1}.Debug|Any CPU.ActiveCfg = Debug|Any CPU
		{56819B21-966D-4C45-A241-080D97C189F1}.Debug|Any CPU.Build.0 = Debug|Any CPU
		{56819B21-966D-4C45-A241-080D97C189F1}.Release|Any CPU.ActiveCfg = Release|Any CPU
		{56819B21-966D-4C45-A241-080D97C189F1}.Release|Any CPU.Build.0 = Release|Any CPU
		{7DC48EE2-7A72-4EAE-8066-5C6892AE0848}.Debug|Any CPU.ActiveCfg = Debug|Any CPU
		{7DC48EE2-7A72-4EAE-8066-5C6892AE0848}.Debug|Any CPU.Build.0 = Debug|Any CPU
		{7DC48EE2-7A72-4EAE-8066-5C6892AE0848}.Release|Any CPU.ActiveCfg = Release|Any CPU
		{7DC48EE2-7A72-4EAE-8066-5C6892AE0848}.Release|Any CPU.Build.0 = Release|Any CPU
		{421867D2-60CE-4034-B5B5-326C02CFA3B7}.Debug|Any CPU.ActiveCfg = Debug|Any CPU
		{421867D2-60CE-4034-B5B5-326C02CFA3B7}.Debug|Any CPU.Build.0 = Debug|Any CPU
		{421867D2-60CE-4034-B5B5-326C02CFA3B7}.Release|Any CPU.ActiveCfg = Release|Any CPU
		{421867D2-60CE-4034-B5B5-326C02CFA3B7}.Release|Any CPU.Build.0 = Release|Any CPU
		{1AB39669-7CA8-49B5-818B-F680D021468D}.Debug|Any CPU.ActiveCfg = Debug|Any CPU
		{1AB39669-7CA8-49B5-818B-F680D021468D}.Debug|Any CPU.Build.0 = Debug|Any CPU
		{1AB39669-7CA8-49B5-818B-F680D021468D}.Release|Any CPU.ActiveCfg = Release|Any CPU
		{1AB39669-7CA8-49B5-818B-F680D021468D}.Release|Any CPU.Build.0 = Release|Any CPU
		{89537A48-DE37-4CD3-A4DC-268F0A6A988B}.Debug|Any CPU.ActiveCfg = Debug|Any CPU
		{89537A48-DE37-4CD3-A4DC-268F0A6A988B}.Debug|Any CPU.Build.0 = Debug|Any CPU
		{89537A48-DE37-4CD3-A4DC-268F0A6A988B}.Release|Any CPU.ActiveCfg = Release|Any CPU
		{89537A48-DE37-4CD3-A4DC-268F0A6A988B}.Release|Any CPU.Build.0 = Release|Any CPU
		{5D32841C-5D8D-41CE-A087-F28D29AC1D8A}.Debug|Any CPU.ActiveCfg = Debug|Any CPU
		{5D32841C-5D8D-41CE-A087-F28D29AC1D8A}.Debug|Any CPU.Build.0 = Debug|Any CPU
		{5D32841C-5D8D-41CE-A087-F28D29AC1D8A}.Release|Any CPU.ActiveCfg = Release|Any CPU
		{5D32841C-5D8D-41CE-A087-F28D29AC1D8A}.Release|Any CPU.Build.0 = Release|Any CPU
		{9F520704-F6CC-4D4F-8DDC-4E7D7ACB7C60}.Debug|Any CPU.ActiveCfg = Debug|Any CPU
		{9F520704-F6CC-4D4F-8DDC-4E7D7ACB7C60}.Debug|Any CPU.Build.0 = Debug|Any CPU
		{9F520704-F6CC-4D4F-8DDC-4E7D7ACB7C60}.Release|Any CPU.ActiveCfg = Release|Any CPU
		{9F520704-F6CC-4D4F-8DDC-4E7D7ACB7C60}.Release|Any CPU.Build.0 = Release|Any CPU
		{4F711BB1-CAFC-409C-AECD-2CC28DB8E401}.Debug|Any CPU.ActiveCfg = Debug|Any CPU
		{4F711BB1-CAFC-409C-AECD-2CC28DB8E401}.Debug|Any CPU.Build.0 = Debug|Any CPU
		{4F711BB1-CAFC-409C-AECD-2CC28DB8E401}.Release|Any CPU.ActiveCfg = Release|Any CPU
		{4F711BB1-CAFC-409C-AECD-2CC28DB8E401}.Release|Any CPU.Build.0 = Release|Any CPU
		{65449626-C00B-428C-B828-6C94EDF93389}.Debug|Any CPU.ActiveCfg = Debug|Any CPU
		{65449626-C00B-428C-B828-6C94EDF93389}.Debug|Any CPU.Build.0 = Debug|Any CPU
		{65449626-C00B-428C-B828-6C94EDF93389}.Release|Any CPU.ActiveCfg = Release|Any CPU
		{65449626-C00B-428C-B828-6C94EDF93389}.Release|Any CPU.Build.0 = Release|Any CPU
		{936CD5FB-116D-4E80-9180-B7547F16FAAC}.Debug|Any CPU.ActiveCfg = Debug|Any CPU
		{936CD5FB-116D-4E80-9180-B7547F16FAAC}.Debug|Any CPU.Build.0 = Debug|Any CPU
		{936CD5FB-116D-4E80-9180-B7547F16FAAC}.Release|Any CPU.ActiveCfg = Release|Any CPU
		{936CD5FB-116D-4E80-9180-B7547F16FAAC}.Release|Any CPU.Build.0 = Release|Any CPU
		{F8565FCE-CE96-4BE7-A576-1CB6E6E13FE1}.Debug|Any CPU.ActiveCfg = Debug|Any CPU
		{F8565FCE-CE96-4BE7-A576-1CB6E6E13FE1}.Debug|Any CPU.Build.0 = Debug|Any CPU
		{F8565FCE-CE96-4BE7-A576-1CB6E6E13FE1}.Release|Any CPU.ActiveCfg = Release|Any CPU
		{F8565FCE-CE96-4BE7-A576-1CB6E6E13FE1}.Release|Any CPU.Build.0 = Release|Any CPU
		{DCD2A974-5131-4FD0-9ED2-F08380A4C32D}.Debug|Any CPU.ActiveCfg = Debug|Any CPU
		{DCD2A974-5131-4FD0-9ED2-F08380A4C32D}.Debug|Any CPU.Build.0 = Debug|Any CPU
		{DCD2A974-5131-4FD0-9ED2-F08380A4C32D}.Release|Any CPU.ActiveCfg = Release|Any CPU
		{DCD2A974-5131-4FD0-9ED2-F08380A4C32D}.Release|Any CPU.Build.0 = Release|Any CPU
		{71446760-9F8D-4B17-A781-26C9454C804C}.Debug|Any CPU.ActiveCfg = Debug|Any CPU
		{71446760-9F8D-4B17-A781-26C9454C804C}.Debug|Any CPU.Build.0 = Debug|Any CPU
		{71446760-9F8D-4B17-A781-26C9454C804C}.Release|Any CPU.ActiveCfg = Release|Any CPU
		{71446760-9F8D-4B17-A781-26C9454C804C}.Release|Any CPU.Build.0 = Release|Any CPU
		{A6C26D02-2A31-4D2E-853B-1FC8A190249C}.Debug|Any CPU.ActiveCfg = Debug|Any CPU
		{A6C26D02-2A31-4D2E-853B-1FC8A190249C}.Debug|Any CPU.Build.0 = Debug|Any CPU
		{A6C26D02-2A31-4D2E-853B-1FC8A190249C}.Release|Any CPU.ActiveCfg = Release|Any CPU
		{A6C26D02-2A31-4D2E-853B-1FC8A190249C}.Release|Any CPU.Build.0 = Release|Any CPU
		{859310D8-2308-4DD7-BDAE-CF825C61ED9F}.Debug|Any CPU.ActiveCfg = Debug|Any CPU
		{859310D8-2308-4DD7-BDAE-CF825C61ED9F}.Debug|Any CPU.Build.0 = Debug|Any CPU
		{859310D8-2308-4DD7-BDAE-CF825C61ED9F}.Release|Any CPU.ActiveCfg = Release|Any CPU
		{859310D8-2308-4DD7-BDAE-CF825C61ED9F}.Release|Any CPU.Build.0 = Release|Any CPU
		{AAF07775-8DF9-4A05-8389-ED2FC43E13BE}.Debug|Any CPU.ActiveCfg = Debug|Any CPU
		{AAF07775-8DF9-4A05-8389-ED2FC43E13BE}.Debug|Any CPU.Build.0 = Debug|Any CPU
		{AAF07775-8DF9-4A05-8389-ED2FC43E13BE}.Release|Any CPU.ActiveCfg = Release|Any CPU
		{AAF07775-8DF9-4A05-8389-ED2FC43E13BE}.Release|Any CPU.Build.0 = Release|Any CPU
		{F1FD20DB-641A-406B-9A15-FFC87E5B35EE}.Debug|Any CPU.ActiveCfg = Debug|Any CPU
		{F1FD20DB-641A-406B-9A15-FFC87E5B35EE}.Debug|Any CPU.Build.0 = Debug|Any CPU
		{F1FD20DB-641A-406B-9A15-FFC87E5B35EE}.Release|Any CPU.ActiveCfg = Release|Any CPU
		{F1FD20DB-641A-406B-9A15-FFC87E5B35EE}.Release|Any CPU.Build.0 = Release|Any CPU
		{76AB9757-5FFC-458F-B7B6-84AC61691D71}.Debug|Any CPU.ActiveCfg = Debug|Any CPU
		{76AB9757-5FFC-458F-B7B6-84AC61691D71}.Debug|Any CPU.Build.0 = Debug|Any CPU
		{76AB9757-5FFC-458F-B7B6-84AC61691D71}.Release|Any CPU.ActiveCfg = Release|Any CPU
		{76AB9757-5FFC-458F-B7B6-84AC61691D71}.Release|Any CPU.Build.0 = Release|Any CPU
		{3CC8A8EA-15D7-4A9D-A3E2-E723A1C029C6}.Debug|Any CPU.ActiveCfg = Debug|Any CPU
		{3CC8A8EA-15D7-4A9D-A3E2-E723A1C029C6}.Debug|Any CPU.Build.0 = Debug|Any CPU
		{3CC8A8EA-15D7-4A9D-A3E2-E723A1C029C6}.Release|Any CPU.ActiveCfg = Release|Any CPU
		{3CC8A8EA-15D7-4A9D-A3E2-E723A1C029C6}.Release|Any CPU.Build.0 = Release|Any CPU
		{304AB9C0-F895-4288-ABAD-6572E016BBD1}.Debug|Any CPU.ActiveCfg = Debug|Any CPU
		{304AB9C0-F895-4288-ABAD-6572E016BBD1}.Debug|Any CPU.Build.0 = Debug|Any CPU
		{304AB9C0-F895-4288-ABAD-6572E016BBD1}.Release|Any CPU.ActiveCfg = Release|Any CPU
		{304AB9C0-F895-4288-ABAD-6572E016BBD1}.Release|Any CPU.Build.0 = Release|Any CPU
		{8C9A900E-045C-4D0B-87E1-B9E705FD573F}.Debug|Any CPU.ActiveCfg = Debug|Any CPU
		{8C9A900E-045C-4D0B-87E1-B9E705FD573F}.Debug|Any CPU.Build.0 = Debug|Any CPU
		{8C9A900E-045C-4D0B-87E1-B9E705FD573F}.Release|Any CPU.ActiveCfg = Release|Any CPU
		{8C9A900E-045C-4D0B-87E1-B9E705FD573F}.Release|Any CPU.Build.0 = Release|Any CPU
		{E39D1F8E-DCB9-48F3-B6B2-1A4B0336AAD6}.Debug|Any CPU.ActiveCfg = Debug|Any CPU
		{E39D1F8E-DCB9-48F3-B6B2-1A4B0336AAD6}.Debug|Any CPU.Build.0 = Debug|Any CPU
		{E39D1F8E-DCB9-48F3-B6B2-1A4B0336AAD6}.Release|Any CPU.ActiveCfg = Release|Any CPU
		{E39D1F8E-DCB9-48F3-B6B2-1A4B0336AAD6}.Release|Any CPU.Build.0 = Release|Any CPU
		{5FC512D7-E4A7-4F35-9ADD-6FF19048802C}.Debug|Any CPU.ActiveCfg = Debug|Any CPU
		{5FC512D7-E4A7-4F35-9ADD-6FF19048802C}.Debug|Any CPU.Build.0 = Debug|Any CPU
		{5FC512D7-E4A7-4F35-9ADD-6FF19048802C}.Release|Any CPU.ActiveCfg = Release|Any CPU
		{5FC512D7-E4A7-4F35-9ADD-6FF19048802C}.Release|Any CPU.Build.0 = Release|Any CPU
		{E4BEB2D1-AD95-4924-8270-8AB6789C386D}.Debug|Any CPU.ActiveCfg = Debug|Any CPU
		{E4BEB2D1-AD95-4924-8270-8AB6789C386D}.Debug|Any CPU.Build.0 = Debug|Any CPU
		{E4BEB2D1-AD95-4924-8270-8AB6789C386D}.Release|Any CPU.ActiveCfg = Release|Any CPU
		{E4BEB2D1-AD95-4924-8270-8AB6789C386D}.Release|Any CPU.Build.0 = Release|Any CPU
		{C4FC4948-7A0D-437F-B391-7A06507E5B7D}.Debug|Any CPU.ActiveCfg = Debug|Any CPU
		{C4FC4948-7A0D-437F-B391-7A06507E5B7D}.Debug|Any CPU.Build.0 = Debug|Any CPU
		{C4FC4948-7A0D-437F-B391-7A06507E5B7D}.Release|Any CPU.ActiveCfg = Release|Any CPU
		{C4FC4948-7A0D-437F-B391-7A06507E5B7D}.Release|Any CPU.Build.0 = Release|Any CPU
		{BACA9DB0-85BC-4317-BD51-D88E56A910C4}.Debug|Any CPU.ActiveCfg = Debug|Any CPU
		{BACA9DB0-85BC-4317-BD51-D88E56A910C4}.Debug|Any CPU.Build.0 = Debug|Any CPU
		{BACA9DB0-85BC-4317-BD51-D88E56A910C4}.Release|Any CPU.ActiveCfg = Release|Any CPU
		{BACA9DB0-85BC-4317-BD51-D88E56A910C4}.Release|Any CPU.Build.0 = Release|Any CPU
	EndGlobalSection
	GlobalSection(SolutionProperties) = preSolution
		HideSolutionNode = FALSE
	EndGlobalSection
	GlobalSection(NestedProjects) = preSolution
		{1B3B6CB7-7B80-4CF0-9F9B-71C2DC56C012} = {6C22E860-45BA-4A58-8E1A-5A0A70E51098}
		{56819B21-966D-4C45-A241-080D97C189F1} = {6C22E860-45BA-4A58-8E1A-5A0A70E51098}
		{7DC48EE2-7A72-4EAE-8066-5C6892AE0848} = {6C22E860-45BA-4A58-8E1A-5A0A70E51098}
		{421867D2-60CE-4034-B5B5-326C02CFA3B7} = {6C22E860-45BA-4A58-8E1A-5A0A70E51098}
		{1AB39669-7CA8-49B5-818B-F680D021468D} = {6C22E860-45BA-4A58-8E1A-5A0A70E51098}
		{89537A48-DE37-4CD3-A4DC-268F0A6A988B} = {1B3C4C18-7D55-464C-9EBE-795C0F5E948F}
		{5D32841C-5D8D-41CE-A087-F28D29AC1D8A} = {1B3C4C18-7D55-464C-9EBE-795C0F5E948F}
		{9F520704-F6CC-4D4F-8DDC-4E7D7ACB7C60} = {1B3C4C18-7D55-464C-9EBE-795C0F5E948F}
		{4F711BB1-CAFC-409C-AECD-2CC28DB8E401} = {1B3C4C18-7D55-464C-9EBE-795C0F5E948F}
		{65449626-C00B-428C-B828-6C94EDF93389} = {1B3C4C18-7D55-464C-9EBE-795C0F5E948F}
		{936CD5FB-116D-4E80-9180-B7547F16FAAC} = {1B3C4C18-7D55-464C-9EBE-795C0F5E948F}
		{F8565FCE-CE96-4BE7-A576-1CB6E6E13FE1} = {1B3C4C18-7D55-464C-9EBE-795C0F5E948F}
		{DCD2A974-5131-4FD0-9ED2-F08380A4C32D} = {2C7B7BC6-DC84-465C-81D1-DBDFA468E8C9}
		{71446760-9F8D-4B17-A781-26C9454C804C} = {2C7B7BC6-DC84-465C-81D1-DBDFA468E8C9}
		{A6C26D02-2A31-4D2E-853B-1FC8A190249C} = {2C7B7BC6-DC84-465C-81D1-DBDFA468E8C9}
		{859310D8-2308-4DD7-BDAE-CF825C61ED9F} = {2C7B7BC6-DC84-465C-81D1-DBDFA468E8C9}
		{AAF07775-8DF9-4A05-8389-ED2FC43E13BE} = {2C7B7BC6-DC84-465C-81D1-DBDFA468E8C9}
		{F1FD20DB-641A-406B-9A15-FFC87E5B35EE} = {2C7B7BC6-DC84-465C-81D1-DBDFA468E8C9}
		{76AB9757-5FFC-458F-B7B6-84AC61691D71} = {2C7B7BC6-DC84-465C-81D1-DBDFA468E8C9}
		{3CC8A8EA-15D7-4A9D-A3E2-E723A1C029C6} = {2C7B7BC6-DC84-465C-81D1-DBDFA468E8C9}
		{304AB9C0-F895-4288-ABAD-6572E016BBD1} = {2C7B7BC6-DC84-465C-81D1-DBDFA468E8C9}
		{8C9A900E-045C-4D0B-87E1-B9E705FD573F} = {2C7B7BC6-DC84-465C-81D1-DBDFA468E8C9}
		{E39D1F8E-DCB9-48F3-B6B2-1A4B0336AAD6} = {2C7B7BC6-DC84-465C-81D1-DBDFA468E8C9}
		{5FC512D7-E4A7-4F35-9ADD-6FF19048802C} = {2C7B7BC6-DC84-465C-81D1-DBDFA468E8C9}
		{E4BEB2D1-AD95-4924-8270-8AB6789C386D} = {786A5FD3-D985-40ED-85D4-9327508AA8E0}
		{C4FC4948-7A0D-437F-B391-7A06507E5B7D} = {786A5FD3-D985-40ED-85D4-9327508AA8E0}
		{BACA9DB0-85BC-4317-BD51-D88E56A910C4} = {786A5FD3-D985-40ED-85D4-9327508AA8E0}
	EndGlobalSection
EndGlobal
