Microsoft Visual Studio Solution File, Format Version 12.00
# Visual Studio Version 17
VisualStudioVersion = 17.0.31410.414
MinimumVisualStudioVersion = 10.0.40219.1
Project("{9A19103F-16F7-4668-BE54-9A1E7A4F7556}") = "AESC.Starter.Domain", "src\AESC.Starter.Domain\AESC.Starter.Domain.csproj", "{554AD327-6DBA-4F8F-96F8-81CE7A0C863F}"
EndProject
Project("{9A19103F-16F7-4668-BE54-9A1E7A4F7556}") = "AESC.Starter.Application", "src\AESC.Starter.Application\AESC.Starter.Application.csproj", "{1A94A50E-06DC-43C1-80B5-B662820EC3EB}"
EndProject
Project("{9A19103F-16F7-4668-BE54-9A1E7A4F7556}") = "AESC.Starter.EntityFrameworkCore", "src\AESC.Starter.EntityFrameworkCore\AESC.Starter.EntityFrameworkCore.csproj", "{C956DD76-69C8-4A9C-83EA-D17DF83340FD}"
EndProject
Project("{2150E333-8FDC-42A3-9474-1A3956D46DE8}") = "src", "src", "{CA9AC87F-097E-4F15-8393-4BC07735A5B0}"
EndProject
Project("{9A19103F-16F7-4668-BE54-9A1E7A4F7556}") = "AESC.Starter.Domain.Shared", "src\AESC.Starter.Domain.Shared\AESC.Starter.Domain.Shared.csproj", "{42F719ED-8413-4895-B5B4-5AB56079BC66}"
EndProject
Project("{9A19103F-16F7-4668-BE54-9A1E7A4F7556}") = "AESC.Starter.Application.Contracts", "src\AESC.Starter.Application.Contracts\AESC.Starter.Application.Contracts.csproj", "{520659C8-C734-4298-A3DA-B539DB9DFC0B}"
EndProject
Project("{9A19103F-16F7-4668-BE54-9A1E7A4F7556}") = "AESC.Starter.HttpApi", "src\AESC.Starter.HttpApi\AESC.Starter.HttpApi.csproj", "{4164BDF7-F527-4E85-9CE6-E3C2D7426A27}"
EndProject
Project("{9A19103F-16F7-4668-BE54-9A1E7A4F7556}") = "AESC.Starter.HttpApi.Client", "src\AESC.Starter.HttpApi.Client\AESC.Starter.HttpApi.Client.csproj", "{3B5A0094-670D-4BB1-BFDD-61B88A8773DC}"
EndProject
Project("{9A19103F-16F7-4668-BE54-9A1E7A4F7556}") = "AESC.Starter.DbMigrator", "src\AESC.Starter.DbMigrator\AESC.Starter.DbMigrator.csproj", "{AA94D832-1CCC-4715-95A9-A483F23A1A5D}"
EndProject
Project("{2150E333-8FDC-42A3-9474-1A3956D46DE8}") = "0.Solution Items", "0.Solution Items", "{2C4A6DB8-8D9E-42E6-B7C3-1EDB7B3DE22E}"
	ProjectSection(SolutionItems) = preProject
		Directory.Build.Lion.targets = Directory.Build.Lion.targets
		Directory.Build.Microsoft.targets = Directory.Build.Microsoft.targets
		Directory.Build.targets = Directory.Build.targets
		Directory.Build.Volo.targets = Directory.Build.Volo.targets
		global.json = global.json
	EndProjectSection
EndProject
Project("{2150E333-8FDC-42A3-9474-1A3956D46DE8}") = "host", "host", "{8C1B8C6C-C518-4290-B070-622CCA6004DA}"
EndProject
Project("{9A19103F-16F7-4668-BE54-9A1E7A4F7556}") = "AESC.Starter.HttpApi.Host", "host\AESC.Starter.HttpApi.Host\AESC.Starter.HttpApi.Host.csproj", "{FB20372D-6C96-4733-9AAC-12522F15CAA6}"
EndProject
Project("{9A19103F-16F7-4668-BE54-9A1E7A4F7556}") = "AESC.Starter.FreeSqlRepository", "src\AESC.Starter.FreeSqlRepository\AESC.Starter.FreeSqlRepository.csproj", "{27C7A0E6-4C2E-4AFF-9DE7-1F526DDC0D18}"
EndProject
Project("{FAE04EC0-301F-11D3-BF4B-00C04F79EFBC}") = "AESC.Sample", "AESC.Sample\AESC.Sample.csproj", "{D64FA1A0-4481-4BA0-9B5E-BEC5ACA231A6}"
EndProject
Project("{FAE04EC0-301F-11D3-BF4B-00C04F79EFBC}") = "AESC.Starter", "AESC.Starter\AESC.Starter.csproj", "{AA062C5B-D6B5-453C-B929-6685D1FD75E4}"
EndProject
Global
	GlobalSection(SolutionConfigurationPlatforms) = preSolution
		Debug|Any CPU = Debug|Any CPU
		Release|Any CPU = Release|Any CPU
	EndGlobalSection
	GlobalSection(ProjectConfigurationPlatforms) = postSolution
		{554AD327-6DBA-4F8F-96F8-81CE7A0C863F}.Debug|Any CPU.ActiveCfg = Debug|Any CPU
		{554AD327-6DBA-4F8F-96F8-81CE7A0C863F}.Debug|Any CPU.Build.0 = Debug|Any CPU
		{554AD327-6DBA-4F8F-96F8-81CE7A0C863F}.Release|Any CPU.ActiveCfg = Release|Any CPU
		{554AD327-6DBA-4F8F-96F8-81CE7A0C863F}.Release|Any CPU.Build.0 = Release|Any CPU
		{1A94A50E-06DC-43C1-80B5-B662820EC3EB}.Debug|Any CPU.ActiveCfg = Debug|Any CPU
		{1A94A50E-06DC-43C1-80B5-B662820EC3EB}.Debug|Any CPU.Build.0 = Debug|Any CPU
		{1A94A50E-06DC-43C1-80B5-B662820EC3EB}.Release|Any CPU.ActiveCfg = Release|Any CPU
		{1A94A50E-06DC-43C1-80B5-B662820EC3EB}.Release|Any CPU.Build.0 = Release|Any CPU
		{C956DD76-69C8-4A9C-83EA-D17DF83340FD}.Debug|Any CPU.ActiveCfg = Debug|Any CPU
		{C956DD76-69C8-4A9C-83EA-D17DF83340FD}.Debug|Any CPU.Build.0 = Debug|Any CPU
		{C956DD76-69C8-4A9C-83EA-D17DF83340FD}.Release|Any CPU.ActiveCfg = Release|Any CPU
		{C956DD76-69C8-4A9C-83EA-D17DF83340FD}.Release|Any CPU.Build.0 = Release|Any CPU
		{42F719ED-8413-4895-B5B4-5AB56079BC66}.Debug|Any CPU.ActiveCfg = Debug|Any CPU
		{42F719ED-8413-4895-B5B4-5AB56079BC66}.Debug|Any CPU.Build.0 = Debug|Any CPU
		{42F719ED-8413-4895-B5B4-5AB56079BC66}.Release|Any CPU.ActiveCfg = Release|Any CPU
		{42F719ED-8413-4895-B5B4-5AB56079BC66}.Release|Any CPU.Build.0 = Release|Any CPU
		{520659C8-C734-4298-A3DA-B539DB9DFC0B}.Debug|Any CPU.ActiveCfg = Debug|Any CPU
		{520659C8-C734-4298-A3DA-B539DB9DFC0B}.Debug|Any CPU.Build.0 = Debug|Any CPU
		{520659C8-C734-4298-A3DA-B539DB9DFC0B}.Release|Any CPU.ActiveCfg = Release|Any CPU
		{520659C8-C734-4298-A3DA-B539DB9DFC0B}.Release|Any CPU.Build.0 = Release|Any CPU
		{4164BDF7-F527-4E85-9CE6-E3C2D7426A27}.Debug|Any CPU.ActiveCfg = Debug|Any CPU
		{4164BDF7-F527-4E85-9CE6-E3C2D7426A27}.Debug|Any CPU.Build.0 = Debug|Any CPU
		{4164BDF7-F527-4E85-9CE6-E3C2D7426A27}.Release|Any CPU.ActiveCfg = Release|Any CPU
		{4164BDF7-F527-4E85-9CE6-E3C2D7426A27}.Release|Any CPU.Build.0 = Release|Any CPU
		{3B5A0094-670D-4BB1-BFDD-61B88A8773DC}.Debug|Any CPU.ActiveCfg = Debug|Any CPU
		{3B5A0094-670D-4BB1-BFDD-61B88A8773DC}.Debug|Any CPU.Build.0 = Debug|Any CPU
		{3B5A0094-670D-4BB1-BFDD-61B88A8773DC}.Release|Any CPU.ActiveCfg = Release|Any CPU
		{3B5A0094-670D-4BB1-BFDD-61B88A8773DC}.Release|Any CPU.Build.0 = Release|Any CPU
		{AA94D832-1CCC-4715-95A9-A483F23A1A5D}.Debug|Any CPU.ActiveCfg = Debug|Any CPU
		{AA94D832-1CCC-4715-95A9-A483F23A1A5D}.Debug|Any CPU.Build.0 = Debug|Any CPU
		{AA94D832-1CCC-4715-95A9-A483F23A1A5D}.Release|Any CPU.ActiveCfg = Release|Any CPU
		{AA94D832-1CCC-4715-95A9-A483F23A1A5D}.Release|Any CPU.Build.0 = Release|Any CPU
		{FB20372D-6C96-4733-9AAC-12522F15CAA6}.Debug|Any CPU.ActiveCfg = Debug|Any CPU
		{FB20372D-6C96-4733-9AAC-12522F15CAA6}.Debug|Any CPU.Build.0 = Debug|Any CPU
		{FB20372D-6C96-4733-9AAC-12522F15CAA6}.Release|Any CPU.ActiveCfg = Release|Any CPU
		{FB20372D-6C96-4733-9AAC-12522F15CAA6}.Release|Any CPU.Build.0 = Release|Any CPU
		{27C7A0E6-4C2E-4AFF-9DE7-1F526DDC0D18}.Debug|Any CPU.ActiveCfg = Debug|Any CPU
		{27C7A0E6-4C2E-4AFF-9DE7-1F526DDC0D18}.Debug|Any CPU.Build.0 = Debug|Any CPU
		{27C7A0E6-4C2E-4AFF-9DE7-1F526DDC0D18}.Release|Any CPU.ActiveCfg = Release|Any CPU
		{27C7A0E6-4C2E-4AFF-9DE7-1F526DDC0D18}.Release|Any CPU.Build.0 = Release|Any CPU
		{D64FA1A0-4481-4BA0-9B5E-BEC5ACA231A6}.Debug|Any CPU.ActiveCfg = Debug|Any CPU
		{D64FA1A0-4481-4BA0-9B5E-BEC5ACA231A6}.Debug|Any CPU.Build.0 = Debug|Any CPU
		{D64FA1A0-4481-4BA0-9B5E-BEC5ACA231A6}.Release|Any CPU.ActiveCfg = Release|Any CPU
		{D64FA1A0-4481-4BA0-9B5E-BEC5ACA231A6}.Release|Any CPU.Build.0 = Release|Any CPU
		{AA062C5B-D6B5-453C-B929-6685D1FD75E4}.Debug|Any CPU.ActiveCfg = Debug|Any CPU
		{AA062C5B-D6B5-453C-B929-6685D1FD75E4}.Debug|Any CPU.Build.0 = Debug|Any CPU
		{AA062C5B-D6B5-453C-B929-6685D1FD75E4}.Release|Any CPU.ActiveCfg = Release|Any CPU
		{AA062C5B-D6B5-453C-B929-6685D1FD75E4}.Release|Any CPU.Build.0 = Release|Any CPU
	EndGlobalSection
	GlobalSection(SolutionProperties) = preSolution
		HideSolutionNode = FALSE
	EndGlobalSection
	GlobalSection(NestedProjects) = preSolution
		{554AD327-6DBA-4F8F-96F8-81CE7A0C863F} = {CA9AC87F-097E-4F15-8393-4BC07735A5B0}
		{1A94A50E-06DC-43C1-80B5-B662820EC3EB} = {CA9AC87F-097E-4F15-8393-4BC07735A5B0}
		{C956DD76-69C8-4A9C-83EA-D17DF83340FD} = {CA9AC87F-097E-4F15-8393-4BC07735A5B0}
		{42F719ED-8413-4895-B5B4-5AB56079BC66} = {CA9AC87F-097E-4F15-8393-4BC07735A5B0}
		{520659C8-C734-4298-A3DA-B539DB9DFC0B} = {CA9AC87F-097E-4F15-8393-4BC07735A5B0}
		{4164BDF7-F527-4E85-9CE6-E3C2D7426A27} = {CA9AC87F-097E-4F15-8393-4BC07735A5B0}
		{3B5A0094-670D-4BB1-BFDD-61B88A8773DC} = {CA9AC87F-097E-4F15-8393-4BC07735A5B0}
		{AA94D832-1CCC-4715-95A9-A483F23A1A5D} = {CA9AC87F-097E-4F15-8393-4BC07735A5B0}
		{FB20372D-6C96-4733-9AAC-12522F15CAA6} = {8C1B8C6C-C518-4290-B070-622CCA6004DA}
		{27C7A0E6-4C2E-4AFF-9DE7-1F526DDC0D18} = {CA9AC87F-097E-4F15-8393-4BC07735A5B0}
		{D64FA1A0-4481-4BA0-9B5E-BEC5ACA231A6} = {CA9AC87F-097E-4F15-8393-4BC07735A5B0}
		{AA062C5B-D6B5-453C-B929-6685D1FD75E4} = {CA9AC87F-097E-4F15-8393-4BC07735A5B0}
	EndGlobalSection
	GlobalSection(ExtensibilityGlobals) = postSolution
		SolutionGuid = {28315BFD-90E7-4E14-A2EA-F3D23AF4126F}
	EndGlobalSection
EndGlobal
