
Microsoft Visual Studio Solution File, Format Version 12.00
# Visual Studio Version 17
VisualStudioVersion = 17.0.31919.166
MinimumVisualStudioVersion = 10.0.40219.1
Project("{9A19103F-16F7-4668-BE54-9A1E7A4F7556}") = "aspect-demo", "aop-Aspect\aspect-demo.csproj", "{8CFB60D1-0A32-4804-A732-17E927D8A334}"
EndProject
Project("{9A19103F-16F7-4668-BE54-9A1E7A4F7556}") = "castle-demo", "aop-Castle\castle-demo.csproj", "{C9D024BF-BB46-442C-B1FB-21BF0E6A4F76}"
EndProject
Project("{9A19103F-16F7-4668-BE54-9A1E7A4F7556}") = "castle-async", "catle-async\castle-async.csproj", "{BF9B11E8-6220-40BC-93A6-A4AADEF74BCC}"
EndProject
Global
	GlobalSection(SolutionConfigurationPlatforms) = preSolution
		Debug|Any CPU = Debug|Any CPU
		Release|Any CPU = Release|Any CPU
	EndGlobalSection
	GlobalSection(ProjectConfigurationPlatforms) = postSolution
		{8CFB60D1-0A32-4804-A732-17E927D8A334}.Debug|Any CPU.ActiveCfg = Debug|Any CPU
		{8CFB60D1-0A32-4804-A732-17E927D8A334}.Debug|Any CPU.Build.0 = Debug|Any CPU
		{8CFB60D1-0A32-4804-A732-17E927D8A334}.Release|Any CPU.ActiveCfg = Release|Any CPU
		{8CFB60D1-0A32-4804-A732-17E927D8A334}.Release|Any CPU.Build.0 = Release|Any CPU
		{C9D024BF-BB46-442C-B1FB-21BF0E6A4F76}.Debug|Any CPU.ActiveCfg = Debug|Any CPU
		{C9D024BF-BB46-442C-B1FB-21BF0E6A4F76}.Debug|Any CPU.Build.0 = Debug|Any CPU
		{C9D024BF-BB46-442C-B1FB-21BF0E6A4F76}.Release|Any CPU.ActiveCfg = Release|Any CPU
		{C9D024BF-BB46-442C-B1FB-21BF0E6A4F76}.Release|Any CPU.Build.0 = Release|Any CPU
		{BF9B11E8-6220-40BC-93A6-A4AADEF74BCC}.Debug|Any CPU.ActiveCfg = Debug|Any CPU
		{BF9B11E8-6220-40BC-93A6-A4AADEF74BCC}.Debug|Any CPU.Build.0 = Debug|Any CPU
		{BF9B11E8-6220-40BC-93A6-A4AADEF74BCC}.Release|Any CPU.ActiveCfg = Release|Any CPU
		{BF9B11E8-6220-40BC-93A6-A4AADEF74BCC}.Release|Any CPU.Build.0 = Release|Any CPU
	EndGlobalSection
	GlobalSection(SolutionProperties) = preSolution
		HideSolutionNode = FALSE
	EndGlobalSection
	GlobalSection(ExtensibilityGlobals) = postSolution
		SolutionGuid = {AD9FF5A4-87CB-41D8-8233-54C6B943CB7E}
	EndGlobalSection
EndGlobal
