Microsoft Visual Studio Solution File, Format Version 12.00
# Visual Studio Version 17
VisualStudioVersion = 17.0.31410.414
MinimumVisualStudioVersion = 10.0.40219.1
Project("{2150E333-8FDC-42A3-9474-1A3956D46DE8}") = "src", "src", "{CA9AC87F-097E-4F15-8393-4BC07735A5B0}"
EndProject
Project("{2150E333-8FDC-42A3-9474-1A3956D46DE8}") = "0.Solution Items", "0.Solution Items", "{2C4A6DB8-8D9E-42E6-B7C3-1EDB7B3DE22E}"
	ProjectSection(SolutionItems) = preProject
		Directory.Build.Lion.targets = Directory.Build.Lion.targets
		Directory.Build.Microsoft.targets = Directory.Build.Microsoft.targets
		Directory.Build.targets = Directory.Build.targets
		Directory.Build.Volo.targets = Directory.Build.Volo.targets
		global.json = global.json
	EndProjectSection
EndProject
Project("{2150E333-8FDC-42A3-9474-1A3956D46DE8}") = "host", "host", "{8C1B8C6C-C518-4290-B070-622CCA6004DA}"
EndProject
Project("{9A19103F-16F7-4668-BE54-9A1E7A4F7556}") = "AESC.Starter.Host", "host\AESC.Starter.Host\AESC.Starter.Host.csproj", "{F4D80243-32B1-40CA-A04F-68E4D1AF1ABB}"
EndProject
Project("{9A19103F-16F7-4668-BE54-9A1E7A4F7556}") = "AESC.Starter.Domain", "src\AESC.Starter.Domain\AESC.Starter.Domain.csproj", "{AA2D56CF-46E8-4F45-A78D-0F1C1E416986}"
EndProject
Project("{9A19103F-16F7-4668-BE54-9A1E7A4F7556}") = "AESC.Starter.App", "src\AESC.Starter.App\AESC.Starter.App.csproj", "{3E204AB0-F045-49AC-A0E7-076FB1E60DDF}"
EndProject
Project("{9A19103F-16F7-4668-BE54-9A1E7A4F7556}") = "AESC.Sample.Domain", "src\AESC.Sample.Domain\AESC.Sample.Domain.csproj", "{2C455931-67F8-4634-8760-4E5FB942C4D1}"
EndProject
Project("{9A19103F-16F7-4668-BE54-9A1E7A4F7556}") = "AESC.Sample.App", "src\AESC.Sample.App\AESC.Sample.App.csproj", "{839B93AF-0F9B-4599-8A71-8835D40BFFBE}"
EndProject
Project("{9A19103F-16F7-4668-BE54-9A1E7A4F7556}") = "AESC.Starter.Console", "host\AESC.Starter.Console\AESC.Starter.Console.csproj", "{8981223A-9858-49CD-9D18-4352739DFB0C}"
EndProject
Project("{9A19103F-16F7-4668-BE54-9A1E7A4F7556}") = "AESC.Utils.AbpExtensions", "src\AESC.Utils.AbpExtensions\AESC.Utils.AbpExtensions.csproj", "{47072C45-33C9-4170-BB9E-8FD6D42A7922}"
EndProject
Project("{FAE04EC0-301F-11D3-BF4B-00C04F79EFBC}") = "AESC.Utils.Common", "src\AESC.Utils.Common\AESC.Utils.Common.csproj", "{5C86A5BD-458F-4B8B-A96B-C397F69C1D77}"
EndProject
Global
	GlobalSection(SolutionConfigurationPlatforms) = preSolution
		Debug|Any CPU = Debug|Any CPU
		Release|Any CPU = Release|Any CPU
	EndGlobalSection
	GlobalSection(ProjectConfigurationPlatforms) = postSolution
		{F4D80243-32B1-40CA-A04F-68E4D1AF1ABB}.Debug|Any CPU.ActiveCfg = Debug|Any CPU
		{F4D80243-32B1-40CA-A04F-68E4D1AF1ABB}.Debug|Any CPU.Build.0 = Debug|Any CPU
		{F4D80243-32B1-40CA-A04F-68E4D1AF1ABB}.Release|Any CPU.ActiveCfg = Release|Any CPU
		{F4D80243-32B1-40CA-A04F-68E4D1AF1ABB}.Release|Any CPU.Build.0 = Release|Any CPU
		{AA2D56CF-46E8-4F45-A78D-0F1C1E416986}.Debug|Any CPU.ActiveCfg = Debug|Any CPU
		{AA2D56CF-46E8-4F45-A78D-0F1C1E416986}.Debug|Any CPU.Build.0 = Debug|Any CPU
		{AA2D56CF-46E8-4F45-A78D-0F1C1E416986}.Release|Any CPU.ActiveCfg = Release|Any CPU
		{AA2D56CF-46E8-4F45-A78D-0F1C1E416986}.Release|Any CPU.Build.0 = Release|Any CPU
		{3E204AB0-F045-49AC-A0E7-076FB1E60DDF}.Debug|Any CPU.ActiveCfg = Debug|Any CPU
		{3E204AB0-F045-49AC-A0E7-076FB1E60DDF}.Debug|Any CPU.Build.0 = Debug|Any CPU
		{3E204AB0-F045-49AC-A0E7-076FB1E60DDF}.Release|Any CPU.ActiveCfg = Release|Any CPU
		{3E204AB0-F045-49AC-A0E7-076FB1E60DDF}.Release|Any CPU.Build.0 = Release|Any CPU
		{2C455931-67F8-4634-8760-4E5FB942C4D1}.Debug|Any CPU.ActiveCfg = Debug|Any CPU
		{2C455931-67F8-4634-8760-4E5FB942C4D1}.Debug|Any CPU.Build.0 = Debug|Any CPU
		{2C455931-67F8-4634-8760-4E5FB942C4D1}.Release|Any CPU.ActiveCfg = Release|Any CPU
		{2C455931-67F8-4634-8760-4E5FB942C4D1}.Release|Any CPU.Build.0 = Release|Any CPU
		{839B93AF-0F9B-4599-8A71-8835D40BFFBE}.Debug|Any CPU.ActiveCfg = Debug|Any CPU
		{839B93AF-0F9B-4599-8A71-8835D40BFFBE}.Debug|Any CPU.Build.0 = Debug|Any CPU
		{839B93AF-0F9B-4599-8A71-8835D40BFFBE}.Release|Any CPU.ActiveCfg = Release|Any CPU
		{839B93AF-0F9B-4599-8A71-8835D40BFFBE}.Release|Any CPU.Build.0 = Release|Any CPU
		{8981223A-9858-49CD-9D18-4352739DFB0C}.Debug|Any CPU.ActiveCfg = Debug|Any CPU
		{8981223A-9858-49CD-9D18-4352739DFB0C}.Debug|Any CPU.Build.0 = Debug|Any CPU
		{8981223A-9858-49CD-9D18-4352739DFB0C}.Release|Any CPU.ActiveCfg = Release|Any CPU
		{8981223A-9858-49CD-9D18-4352739DFB0C}.Release|Any CPU.Build.0 = Release|Any CPU
		{47072C45-33C9-4170-BB9E-8FD6D42A7922}.Debug|Any CPU.ActiveCfg = Debug|Any CPU
		{47072C45-33C9-4170-BB9E-8FD6D42A7922}.Debug|Any CPU.Build.0 = Debug|Any CPU
		{47072C45-33C9-4170-BB9E-8FD6D42A7922}.Release|Any CPU.ActiveCfg = Release|Any CPU
		{47072C45-33C9-4170-BB9E-8FD6D42A7922}.Release|Any CPU.Build.0 = Release|Any CPU
		{5C86A5BD-458F-4B8B-A96B-C397F69C1D77}.Debug|Any CPU.ActiveCfg = Debug|Any CPU
		{5C86A5BD-458F-4B8B-A96B-C397F69C1D77}.Debug|Any CPU.Build.0 = Debug|Any CPU
		{5C86A5BD-458F-4B8B-A96B-C397F69C1D77}.Release|Any CPU.ActiveCfg = Release|Any CPU
		{5C86A5BD-458F-4B8B-A96B-C397F69C1D77}.Release|Any CPU.Build.0 = Release|Any CPU
	EndGlobalSection
	GlobalSection(SolutionProperties) = preSolution
		HideSolutionNode = FALSE
	EndGlobalSection
	GlobalSection(NestedProjects) = preSolution
		{F4D80243-32B1-40CA-A04F-68E4D1AF1ABB} = {8C1B8C6C-C518-4290-B070-622CCA6004DA}
		{AA2D56CF-46E8-4F45-A78D-0F1C1E416986} = {CA9AC87F-097E-4F15-8393-4BC07735A5B0}
		{3E204AB0-F045-49AC-A0E7-076FB1E60DDF} = {CA9AC87F-097E-4F15-8393-4BC07735A5B0}
		{2C455931-67F8-4634-8760-4E5FB942C4D1} = {CA9AC87F-097E-4F15-8393-4BC07735A5B0}
		{839B93AF-0F9B-4599-8A71-8835D40BFFBE} = {CA9AC87F-097E-4F15-8393-4BC07735A5B0}
		{8981223A-9858-49CD-9D18-4352739DFB0C} = {8C1B8C6C-C518-4290-B070-622CCA6004DA}
		{47072C45-33C9-4170-BB9E-8FD6D42A7922} = {CA9AC87F-097E-4F15-8393-4BC07735A5B0}
		{5C86A5BD-458F-4B8B-A96B-C397F69C1D77} = {CA9AC87F-097E-4F15-8393-4BC07735A5B0}
	EndGlobalSection
	GlobalSection(ExtensibilityGlobals) = postSolution
		SolutionGuid = {28315BFD-90E7-4E14-A2EA-F3D23AF4126F}
	EndGlobalSection
EndGlobal
